
Microsoft Visual Studio Solution File, Format Version 12.00
# Visual Studio Version 17
VisualStudioVersion = 17.9.34902.65
MinimumVisualStudioVersion = 10.0.40219.1
Project("{9A19103F-16F7-4668-BE54-9A1E7A4F7556}") = "VoteLive", "VoteLive\VoteLive.csproj", "{C03AD4AA-A0E1-4079-AABF-2991861912BB}"
EndProject
Project("{FAE04EC0-301F-11D3-BF4B-00C04F79EFBC}") = "VoteLive.Tests", "VoteLive.Tests\VoteLive.Tests.csproj", "{5DB3B7E2-5E70-4C2C-9D43-37CD31BB1CBA}"
EndProject
Global
	GlobalSection(SolutionConfigurationPlatforms) = preSolution
		Debug|Any CPU = Debug|Any CPU
		Release|Any CPU = Release|Any CPU
	EndGlobalSection
	GlobalSection(ProjectConfigurationPlatforms) = postSolution
		{C03AD4AA-A0E1-4079-AABF-2991861912BB}.Debug|Any CPU.ActiveCfg = Debug|Any CPU
		{C03AD4AA-A0E1-4079-AABF-2991861912BB}.Debug|Any CPU.Build.0 = Debug|Any CPU
		{C03AD4AA-A0E1-4079-AABF-2991861912BB}.Release|Any CPU.ActiveCfg = Release|Any CPU
		{C03AD4AA-A0E1-4079-AABF-2991861912BB}.Release|Any CPU.Build.0 = Release|Any CPU
		{5DB3B7E2-5E70-4C2C-9D43-37CD31BB1CBA}.Debug|Any CPU.ActiveCfg = Debug|Any CPU
		{5DB3B7E2-5E70-4C2C-9D43-37CD31BB1CBA}.Debug|Any CPU.Build.0 = Debug|Any CPU
		{5DB3B7E2-5E70-4C2C-9D43-37CD31BB1CBA}.Release|Any CPU.ActiveCfg = Release|Any CPU
		{5DB3B7E2-5E70-4C2C-9D43-37CD31BB1CBA}.Release|Any CPU.Build.0 = Release|Any CPU
	EndGlobalSection
	GlobalSection(SolutionProperties) = preSolution
		HideSolutionNode = FALSE
	EndGlobalSection
	GlobalSection(ExtensibilityGlobals) = postSolution
		SolutionGuid = {7AA53070-AA70-4BE1-BFBA-197387FD0901}
	EndGlobalSection
EndGlobal
